
Microsoft Visual Studio Solution File, Format Version 12.00
# Visual Studio Version 16
VisualStudioVersion = 16.0.31729.503
MinimumVisualStudioVersion = 10.0.40219.1
Project("{FAE04EC0-301F-11D3-BF4B-00C04F79EFBC}") = "BSUtils", "BSUtils.csproj", "{4EB02102-971A-4051-B7F6-C9979FB0739B}"
EndProject
Global
	GlobalSection(SolutionConfigurationPlatforms) = preSolution
		Debug|Any CPU = Debug|Any CPU
		Release|Any CPU = Release|Any CPU
	EndGlobalSection
	GlobalSection(ProjectConfigurationPlatforms) = postSolution
		{4EB02102-971A-4051-B7F6-C9979FB0739B}.Debug|Any CPU.ActiveCfg = Debug|Any CPU
		{4EB02102-971A-4051-B7F6-C9979FB0739B}.Debug|Any CPU.Build.0 = Debug|Any CPU
		{4EB02102-971A-4051-B7F6-C9979FB0739B}.Release|Any CPU.ActiveCfg = Release|Any CPU
		{4EB02102-971A-4051-B7F6-C9979FB0739B}.Release|Any CPU.Build.0 = Release|Any CPU
	EndGlobalSection
	GlobalSection(SolutionProperties) = preSolution
		HideSolutionNode = FALSE
	EndGlobalSection
	GlobalSection(ExtensibilityGlobals) = postSolution
		SolutionGuid = {EB670E69-4210-419D-93F1-2DCE5807E182}
	EndGlobalSection
EndGlobal
